<?xml version="1.0" encoding="UTF-8"?>
<!DOCTYPE plist PUBLIC "-//Apple//DTD PLIST 1.0//EN" "http://www.apple.com/DTDs/PropertyList-1.0.dtd">
<plist version="1.0">
<dict>
	<key>BuildNumber</key>
	<string>41800070</string>
	<key>BundleIdentifier</key>
	<string>com.barebones.bbedit</string>
	<key>HostIdentifier</key>
	<string>E5EE4629-6DA2-5282-AE18-57296F798FEE</string>
	<key>HostName</key>
	<string>Herb’s Mac Studio</string>
	<key>LockDate</key>
	<date>2023-05-13T16:17:36Z</date>
	<key>LockID</key>
	<string>19A07F14-5570-4910-9A60-4E856D95ACBD</string>
	<key>MarketingVersion</key>
	<string>14.6.5</string>
	<key>NetworkVolume</key>
	<false/>
	<key>ProcessIdentifier</key>
	<integer>1043</integer>
	<key>UserName</key>
	<string>hbowie</string>
	<key>Version</key>
	<integer>3</integer>
	<key>VolumeIdentifier</key>
	<string>C78D3534-C4F7-4D83-B41C-33DB49368BCE</string>
</dict>
</plist>
